
Microsoft Visual Studio Solution File, Format Version 12.00
# Visual Studio Version 17
VisualStudioVersion = 17.10.35027.167
MinimumVisualStudioVersion = 10.0.40219.1
Project("{FAE04EC0-301F-11D3-BF4B-00C04F79EFBC}") = "work1", "work1\work1.csproj", "{87927431-89EC-4AC9-B948-1F1E19775D05}"
EndProject
Global
	GlobalSection(SolutionConfigurationPlatforms) = preSolution
		Debug|Any CPU = Debug|Any CPU
		Release|Any CPU = Release|Any CPU
	EndGlobalSection
	GlobalSection(ProjectConfigurationPlatforms) = postSolution
		{87927431-89EC-4AC9-B948-1F1E19775D05}.Debug|Any CPU.ActiveCfg = Debug|Any CPU
		{87927431-89EC-4AC9-B948-1F1E19775D05}.Debug|Any CPU.Build.0 = Debug|Any CPU
		{87927431-89EC-4AC9-B948-1F1E19775D05}.Release|Any CPU.ActiveCfg = Release|Any CPU
		{87927431-89EC-4AC9-B948-1F1E19775D05}.Release|Any CPU.Build.0 = Release|Any CPU
	EndGlobalSection
	GlobalSection(SolutionProperties) = preSolution
		HideSolutionNode = FALSE
	EndGlobalSection
	GlobalSection(ExtensibilityGlobals) = postSolution
		SolutionGuid = {4A14F060-27A5-48BD-AB6C-CA5E409E176E}
	EndGlobalSection
EndGlobal
